<?xml version="1.0" encoding="utf-8"?>
<Project ToolsVersion="16.0" xmlns="http://schemas.microsoft.com/developer/msbuild/2003">
  <ItemGroup>
    <CustomBuild Include="C:\Users\лев\source\repos\ConsoleApplication4\ConsoleApplication4\build\CMakeFiles\cd9547f4bd9506db9bf1704ed2aabade\generate.stamp.rule">
      <Filter>CMake Rules</Filter>
    </CustomBuild>
  </ItemGroup>
  <ItemGroup>
    <Filter Include="CMake Rules">
      <UniqueIdentifier>{BF2A8C69-90B8-3E18-87F3-A237EF07D278}</UniqueIdentifier>
    </Filter>
  </ItemGroup>
</Project>
